
Microsoft Visual Studio Solution File, Format Version 12.00
# Visual Studio Version 16
VisualStudioVersion = 16.0.32802.440
MinimumVisualStudioVersion = 10.0.40219.1
Project("{8BC9CEB8-8B4A-11D0-8D11-00A0C91BC942}") = "Project_Finance_Control_Tut", "Project_Finance_Control_Tut.vcxproj", "{B8185ACE-7CEF-4299-805B-657B2AE74CCC}"
EndProject
Global
	GlobalSection(SolutionConfigurationPlatforms) = preSolution
		Debug|x64 = Debug|x64
		Debug|x86 = Debug|x86
		Release|x64 = Release|x64
		Release|x86 = Release|x86
	EndGlobalSection
	GlobalSection(ProjectConfigurationPlatforms) = postSolution
		{B8185ACE-7CEF-4299-805B-657B2AE74CCC}.Debug|x64.ActiveCfg = Debug|x64
		{B8185ACE-7CEF-4299-805B-657B2AE74CCC}.Debug|x64.Build.0 = Debug|x64
		{B8185ACE-7CEF-4299-805B-657B2AE74CCC}.Debug|x86.ActiveCfg = Debug|Win32
		{B8185ACE-7CEF-4299-805B-657B2AE74CCC}.Debug|x86.Build.0 = Debug|Win32
		{B8185ACE-7CEF-4299-805B-657B2AE74CCC}.Release|x64.ActiveCfg = Release|x64
		{B8185ACE-7CEF-4299-805B-657B2AE74CCC}.Release|x64.Build.0 = Release|x64
		{B8185ACE-7CEF-4299-805B-657B2AE74CCC}.Release|x86.ActiveCfg = Release|Win32
		{B8185ACE-7CEF-4299-805B-657B2AE74CCC}.Release|x86.Build.0 = Release|Win32
	EndGlobalSection
	GlobalSection(SolutionProperties) = preSolution
		HideSolutionNode = FALSE
	EndGlobalSection
	GlobalSection(ExtensibilityGlobals) = postSolution
		SolutionGuid = {28CF02A8-76F1-4637-8630-41D019211686}
	EndGlobalSection
EndGlobal
